// !$*UTF8*$!
{
	archiveVersion = 1;
	classes = {
	};
	objectVersion = 50;
	objects = {

/* Begin PBXBuildFile section */
		6374FAC824D7341F00B1DBC9 /* Extensions.swift in Sources */ = {isa = PBXBuildFile; fileRef = 6374FAC724D7341F00B1DBC9 /* Extensions.swift */; };
		63C6386924C6D22F0043A8C9 /* AppDelegate.swift in Sources */ = {isa = PBXBuildFile; fileRef = 63C6386824C6D22F0043A8C9 /* AppDelegate.swift */; };
		63C6386B24C6D22F0043A8C9 /* SceneDelegate.swift in Sources */ = {isa = PBXBuildFile; fileRef = 63C6386A24C6D22F0043A8C9 /* SceneDelegate.swift */; };
		63C6387024C6D22F0043A8C9 /* Main.storyboard in Resources */ = {isa = PBXBuildFile; fileRef = 63C6386E24C6D22F0043A8C9 /* Main.storyboard */; };
		63C6387224C6D2300043A8C9 /* Assets.xcassets in Resources */ = {isa = PBXBuildFile; fileRef = 63C6387124C6D2300043A8C9 /* Assets.xcassets */; };
		63C6387524C6D2300043A8C9 /* LaunchScreen.storyboard in Resources */ = {isa = PBXBuildFile; fileRef = 63C6387324C6D2300043A8C9 /* LaunchScreen.storyboard */; };
		63C6388324C6D4A60043A8C9 /* MainTabBarController.swift in Sources */ = {isa = PBXBuildFile; fileRef = 63C6388224C6D4A60043A8C9 /* MainTabBarController.swift */; };
		63CC492624C6D77E00D094F0 /* FeedController.swift in Sources */ = {isa = PBXBuildFile; fileRef = 63CC492524C6D77E00D094F0 /* FeedController.swift */; };
		63CC492824C6D86E00D094F0 /* ExplorerController.swift in Sources */ = {isa = PBXBuildFile; fileRef = 63CC492724C6D86E00D094F0 /* ExplorerController.swift */; };
		63CC492A24C6D8F000D094F0 /* NotificationsController.swift in Sources */ = {isa = PBXBuildFile; fileRef = 63CC492924C6D8F000D094F0 /* NotificationsController.swift */; };
		63CC492C24C6D90B00D094F0 /* MessagesController.swift in Sources */ = {isa = PBXBuildFile; fileRef = 63CC492B24C6D90B00D094F0 /* MessagesController.swift */; };
/* End PBXBuildFile section */

/* Begin PBXFileReference section */
		6374FAC724D7341F00B1DBC9 /* Extensions.swift */ = {isa = PBXFileReference; lastKnownFileType = sourcecode.swift; path = Extensions.swift; sourceTree = "<group>"; };
		63C6386524C6D22F0043A8C9 /* kora.app */ = {isa = PBXFileReference; explicitFileType = wrapper.application; includeInIndex = 0; path = kora.app; sourceTree = BUILT_PRODUCTS_DIR; };
		63C6386824C6D22F0043A8C9 /* AppDelegate.swift */ = {isa = PBXFileReference; lastKnownFileType = sourcecode.swift; path = AppDelegate.swift; sourceTree = "<group>"; };
		63C6386A24C6D22F0043A8C9 /* SceneDelegate.swift */ = {isa = PBXFileReference; lastKnownFileType = sourcecode.swift; path = SceneDelegate.swift; sourceTree = "<group>"; };
		63C6386F24C6D22F0043A8C9 /* Base */ = {isa = PBXFileReference; lastKnownFileType = file.storyboard; name = Base; path = Base.lproj/Main.storyboard; sourceTree = "<group>"; };
		63C6387124C6D2300043A8C9 /* Assets.xcassets */ = {isa = PBXFileReference; lastKnownFileType = folder.assetcatalog; path = Assets.xcassets; sourceTree = "<group>"; };
		63C6387424C6D2300043A8C9 /* Base */ = {isa = PBXFileReference; lastKnownFileType = file.storyboard; name = Base; path = Base.lproj/LaunchScreen.storyboard; sourceTree = "<group>"; };
		63C6387624C6D2300043A8C9 /* Info.plist */ = {isa = PBXFileReference; lastKnownFileType = text.plist.xml; path = Info.plist; sourceTree = "<group>"; };
		63C6388224C6D4A60043A8C9 /* MainTabBarController.swift */ = {isa = PBXFileReference; lastKnownFileType = sourcecode.swift; path = MainTabBarController.swift; sourceTree = "<group>"; };
		63CC492524C6D77E00D094F0 /* FeedController.swift */ = {isa = PBXFileReference; lastKnownFileType = sourcecode.swift; path = FeedController.swift; sourceTree = "<group>"; };
		63CC492724C6D86E00D094F0 /* ExplorerController.swift */ = {isa = PBXFileReference; lastKnownFileType = sourcecode.swift; path = ExplorerController.swift; sourceTree = "<group>"; };
		63CC492924C6D8F000D094F0 /* NotificationsController.swift */ = {isa = PBXFileReference; lastKnownFileType = sourcecode.swift; path = NotificationsController.swift; sourceTree = "<group>"; };
		63CC492B24C6D90B00D094F0 /* MessagesController.swift */ = {isa = PBXFileReference; lastKnownFileType = sourcecode.swift; path = MessagesController.swift; sourceTree = "<group>"; };
/* End PBXFileReference section */

/* Begin PBXFrameworksBuildPhase section */
		63C6386224C6D22F0043A8C9 /* Frameworks */ = {
			isa = PBXFrameworksBuildPhase;
			buildActionMask = 2147483647;
			files = (
			);
			runOnlyForDeploymentPostprocessing = 0;
		};
/* End PBXFrameworksBuildPhase section */

/* Begin PBXGroup section */
		63C6385C24C6D22F0043A8C9 = {
			isa = PBXGroup;
			children = (
				63C6386724C6D22F0043A8C9 /* kora */,
				63C6386624C6D22F0043A8C9 /* Products */,
			);
			sourceTree = "<group>";
		};
		63C6386624C6D22F0043A8C9 /* Products */ = {
			isa = PBXGroup;
			children = (
				63C6386524C6D22F0043A8C9 /* kora.app */,
			);
			name = Products;
			sourceTree = "<group>";
		};
		63C6386724C6D22F0043A8C9 /* kora */ = {
			isa = PBXGroup;
			children = (
				63C6388124C6D3DE0043A8C9 /* Utils */,
				63C6388024C6D3D50043A8C9 /* API */,
				63C6387F24C6D3CD0043A8C9 /* Controllers */,
				63C6387E24C6D3C20043A8C9 /* Views */,
				63C6387D24C6D3B00043A8C9 /* ViewModels */,
				63C6387C24C6D37A0043A8C9 /* Models */,
				63C6386824C6D22F0043A8C9 /* AppDelegate.swift */,
				63C6386A24C6D22F0043A8C9 /* SceneDelegate.swift */,
				63C6386E24C6D22F0043A8C9 /* Main.storyboard */,
				63C6387124C6D2300043A8C9 /* Assets.xcassets */,
				63C6387324C6D2300043A8C9 /* LaunchScreen.storyboard */,
				63C6387624C6D2300043A8C9 /* Info.plist */,
			);
			path = kora;
			sourceTree = "<group>";
		};
		63C6387C24C6D37A0043A8C9 /* Models */ = {
			isa = PBXGroup;
			children = (
			);
			path = Models;
			sourceTree = "<group>";
		};
		63C6387D24C6D3B00043A8C9 /* ViewModels */ = {
			isa = PBXGroup;
			children = (
			);
			path = ViewModels;
			sourceTree = "<group>";
		};
		63C6387E24C6D3C20043A8C9 /* Views */ = {
			isa = PBXGroup;
			children = (
			);
			path = Views;
			sourceTree = "<group>";
		};
		63C6387F24C6D3CD0043A8C9 /* Controllers */ = {
			isa = PBXGroup;
			children = (
				63C6388224C6D4A60043A8C9 /* MainTabBarController.swift */,
				63CC492524C6D77E00D094F0 /* FeedController.swift */,
				63CC492724C6D86E00D094F0 /* ExplorerController.swift */,
				63CC492924C6D8F000D094F0 /* NotificationsController.swift */,
				63CC492B24C6D90B00D094F0 /* MessagesController.swift */,
			);
			path = Controllers;
			sourceTree = "<group>";
		};
		63C6388024C6D3D50043A8C9 /* API */ = {
			isa = PBXGroup;
			children = (
			);
			path = API;
			sourceTree = "<group>";
		};
		63C6388124C6D3DE0043A8C9 /* Utils */ = {
			isa = PBXGroup;
			children = (
				6374FAC724D7341F00B1DBC9 /* Extensions.swift */,
			);
			path = Utils;
			sourceTree = "<group>";
		};
/* End PBXGroup section */

/* Begin PBXNativeTarget section */
		63C6386424C6D22F0043A8C9 /* kora */ = {
			isa = PBXNativeTarget;
			buildConfigurationList = 63C6387924C6D2300043A8C9 /* Build configuration list for PBXNativeTarget "kora" */;
			buildPhases = (
				63C6386124C6D22F0043A8C9 /* Sources */,
				63C6386224C6D22F0043A8C9 /* Frameworks */,
				63C6386324C6D22F0043A8C9 /* Resources */,
			);
			buildRules = (
			);
			dependencies = (
			);
			name = kora;
			productName = kora;
			productReference = 63C6386524C6D22F0043A8C9 /* kora.app */;
			productType = "com.apple.product-type.application";
		};
/* End PBXNativeTarget section */

/* Begin PBXProject section */
		63C6385D24C6D22F0043A8C9 /* Project object */ = {
			isa = PBXProject;
			attributes = {
				LastSwiftUpdateCheck = 1200;
				LastUpgradeCheck = 1200;
				TargetAttributes = {
					63C6386424C6D22F0043A8C9 = {
						CreatedOnToolsVersion = 12.0;
					};
				};
			};
			buildConfigurationList = 63C6386024C6D22F0043A8C9 /* Build configuration list for PBXProject "kora" */;
			compatibilityVersion = "Xcode 9.3";
			developmentRegion = en;
			hasScannedForEncodings = 0;
			knownRegions = (
				en,
				Base,
			);
			mainGroup = 63C6385C24C6D22F0043A8C9;
			productRefGroup = 63C6386624C6D22F0043A8C9 /* Products */;
			projectDirPath = "";
			projectRoot = "";
			targets = (
				63C6386424C6D22F0043A8C9 /* kora */,
			);
		};
/* End PBXProject section */

/* Begin PBXResourcesBuildPhase section */
		63C6386324C6D22F0043A8C9 /* Resources */ = {
			isa = PBXResourcesBuildPhase;
			buildActionMask = 2147483647;
			files = (
				63C6387524C6D2300043A8C9 /* LaunchScreen.storyboard in Resources */,
				63C6387224C6D2300043A8C9 /* Assets.xcassets in Resources */,
				63C6387024C6D22F0043A8C9 /* Main.storyboard in Resources */,
			);
			runOnlyForDeploymentPostprocessing = 0;
		};
/* End PBXResourcesBuildPhase section */

/* Begin PBXSourcesBuildPhase section */
		63C6386124C6D22F0043A8C9 /* Sources */ = {
			isa = PBXSourcesBuildPhase;
			buildActionMask = 2147483647;
			files = (
				63CC492A24C6D8F000D094F0 /* NotificationsController.swift in Sources */,
				63C6386924C6D22F0043A8C9 /* AppDelegate.swift in Sources */,
				63C6386B24C6D22F0043A8C9 /* SceneDelegate.swift in Sources */,
				6374FAC824D7341F00B1DBC9 /* Extensions.swift in Sources */,
				63CC492C24C6D90B00D094F0 /* MessagesController.swift in Sources */,
				63CC492824C6D86E00D094F0 /* ExplorerController.swift in Sources */,
				63C6388324C6D4A60043A8C9 /* MainTabBarController.swift in Sources */,
				63CC492624C6D77E00D094F0 /* FeedController.swift in Sources */,
			);
			runOnlyForDeploymentPostprocessing = 0;
		};
/* End PBXSourcesBuildPhase section */

/* Begin PBXVariantGroup section */
		63C6386E24C6D22F0043A8C9 /* Main.storyboard */ = {
			isa = PBXVariantGroup;
			children = (
				63C6386F24C6D22F0043A8C9 /* Base */,
			);
			name = Main.storyboard;
			sourceTree = "<group>";
		};
		63C6387324C6D2300043A8C9 /* LaunchScreen.storyboard */ = {
			isa = PBXVariantGroup;
			children = (
				63C6387424C6D2300043A8C9 /* Base */,
			);
			name = LaunchScreen.storyboard;
			sourceTree = "<group>";
		};
/* End PBXVariantGroup section */

/* Begin XCBuildConfiguration section */
		63C6387724C6D2300043A8C9 /* Debug */ = {
			isa = XCBuildConfiguration;
			buildSettings = {
				ALWAYS_SEARCH_USER_PATHS = NO;
				CLANG_ANALYZER_NONNULL = YES;
				CLANG_ANALYZER_NUMBER_OBJECT_CONVERSION = YES_AGGRESSIVE;
				CLANG_CXX_LANGUAGE_STANDARD = "gnu++14";
				CLANG_CXX_LIBRARY = "libc++";
				CLANG_ENABLE_MODULES = YES;
				CLANG_ENABLE_OBJC_ARC = YES;
				CLANG_ENABLE_OBJC_WEAK = YES;
				CLANG_WARN_BLOCK_CAPTURE_AUTORELEASING = YES;
				CLANG_WARN_BOOL_CONVERSION = YES;
				CLANG_WARN_COMMA = YES;
				CLANG_WARN_CONSTANT_CONVERSION = YES;
				CLANG_WARN_DEPRECATED_OBJC_IMPLEMENTATIONS = YES;
				CLANG_WARN_DIRECT_OBJC_ISA_USAGE = YES_ERROR;
				CLANG_WARN_DOCUMENTATION_COMMENTS = YES;
				CLANG_WARN_EMPTY_BODY = YES;
				CLANG_WARN_ENUM_CONVERSION = YES;
				CLANG_WARN_INFINITE_RECURSION = YES;
				CLANG_WARN_INT_CONVERSION = YES;
				CLANG_WARN_NON_LITERAL_NULL_CONVERSION = YES;
				CLANG_WARN_OBJC_IMPLICIT_RETAIN_SELF = YES;
				CLANG_WARN_OBJC_LITERAL_CONVERSION = YES;
				CLANG_WARN_OBJC_ROOT_CLASS = YES_ERROR;
				CLANG_WARN_QUOTED_INCLUDE_IN_FRAMEWORK_HEADER = YES;
				CLANG_WARN_RANGE_LOOP_ANALYSIS = YES;
				CLANG_WARN_STRICT_PROTOTYPES = YES;
				CLANG_WARN_SUSPICIOUS_MOVE = YES;
				CLANG_WARN_UNGUARDED_AVAILABILITY = YES_AGGRESSIVE;
				CLANG_WARN_UNREACHABLE_CODE = YES;
				CLANG_WARN__DUPLICATE_METHOD_MATCH = YES;
				COPY_PHASE_STRIP = NO;
				DEBUG_INFORMATION_FORMAT = dwarf;
				ENABLE_STRICT_OBJC_MSGSEND = YES;
				ENABLE_TESTABILITY = YES;
				GCC_C_LANGUAGE_STANDARD = gnu11;
				GCC_DYNAMIC_NO_PIC = NO;
				GCC_NO_COMMON_BLOCKS = YES;
				GCC_OPTIMIZATION_LEVEL = 0;
				GCC_PREPROCESSOR_DEFINITIONS = (
					"DEBUG=1",
					"$(inherited)",
				);
				GCC_WARN_64_TO_32_BIT_CONVERSION = YES;
				GCC_WARN_ABOUT_RETURN_TYPE = YES_ERROR;
				GCC_WARN_UNDECLARED_SELECTOR = YES;
				GCC_WARN_UNINITIALIZED_AUTOS = YES_AGGRESSIVE;
				GCC_WARN_UNUSED_FUNCTION = YES;
				GCC_WARN_UNUSED_VARIABLE = YES;
				IPHONEOS_DEPLOYMENT_TARGET = 14.0;
				MTL_ENABLE_DEBUG_INFO = INCLUDE_SOURCE;
				MTL_FAST_MATH = YES;
				ONLY_ACTIVE_ARCH = YES;
				SDKROOT = iphoneos;
				SWIFT_ACTIVE_COMPILATION_CONDITIONS = DEBUG;
				SWIFT_OPTIMIZATION_LEVEL = "-Onone";
			};
			name = Debug;
		};
		63C6387824C6D2300043A8C9 /* Release */ = {
			isa = XCBuildConfiguration;
			buildSettings = {
				ALWAYS_SEARCH_USER_PATHS = NO;
				CLANG_ANALYZER_NONNULL = YES;
				CLANG_ANALYZER_NUMBER_OBJECT_CONVERSION = YES_AGGRESSIVE;
				CLANG_CXX_LANGUAGE_STANDARD = "gnu++14";
				CLANG_CXX_LIBRARY = "libc++";
				CLANG_ENABLE_MODULES = YES;
				CLANG_ENABLE_OBJC_ARC = YES;
				CLANG_ENABLE_OBJC_WEAK = YES;
				CLANG_WARN_BLOCK_CAPTURE_AUTORELEASING = YES;
				CLANG_WARN_BOOL_CONVERSION = YES;
				CLANG_WARN_COMMA = YES;
				CLANG_WARN_CONSTANT_CONVERSION = YES;
				CLANG_WARN_DEPRECATED_OBJC_IMPLEMENTATIONS = YES;
				CLANG_WARN_DIRECT_OBJC_ISA_USAGE = YES_ERROR;
				CLANG_WARN_DOCUMENTATION_COMMENTS = YES;
				CLANG_WARN_EMPTY_BODY = YES;
				CLANG_WARN_ENUM_CONVERSION = YES;
				CLANG_WARN_INFINITE_RECURSION = YES;
				CLANG_WARN_INT_CONVERSION = YES;
				CLANG_WARN_NON_LITERAL_NULL_CONVERSION = YES;
				CLANG_WARN_OBJC_IMPLICIT_RETAIN_SELF = YES;
				CLANG_WARN_OBJC_LITERAL_CONVERSION = YES;
				CLANG_WARN_OBJC_ROOT_CLASS = YES_ERROR;
				CLANG_WARN_QUOTED_INCLUDE_IN_FRAMEWORK_HEADER = YES;
				CLANG_WARN_RANGE_LOOP_ANALYSIS = YES;
				CLANG_WARN_STRICT_PROTOTYPES = YES;
				CLANG_WARN_SUSPICIOUS_MOVE = YES;
				CLANG_WARN_UNGUARDED_AVAILABILITY = YES_AGGRESSIVE;
				CLANG_WARN_UNREACHABLE_CODE = YES;
				CLANG_WARN__DUPLICATE_METHOD_MATCH = YES;
				COPY_PHASE_STRIP = NO;
				DEBUG_INFORMATION_FORMAT = "dwarf-with-dsym";
				ENABLE_NS_ASSERTIONS = NO;
				ENABLE_STRICT_OBJC_MSGSEND = YES;
				GCC_C_LANGUAGE_STANDARD = gnu11;
				GCC_NO_COMMON_BLOCKS = YES;
				GCC_WARN_64_TO_32_BIT_CONVERSION = YES;
				GCC_WARN_ABOUT_RETURN_TYPE = YES_ERROR;
				GCC_WARN_UNDECLARED_SELECTOR = YES;
				GCC_WARN_UNINITIALIZED_AUTOS = YES_AGGRESSIVE;
				GCC_WARN_UNUSED_FUNCTION = YES;
				GCC_WARN_UNUSED_VARIABLE = YES;
				IPHONEOS_DEPLOYMENT_TARGET = 14.0;
				MTL_ENABLE_DEBUG_INFO = NO;
				MTL_FAST_MATH = YES;
				SDKROOT = iphoneos;
				SWIFT_COMPILATION_MODE = wholemodule;
				SWIFT_OPTIMIZATION_LEVEL = "-O";
				VALIDATE_PRODUCT = YES;
			};
			name = Release;
		};
		63C6387A24C6D2300043A8C9 /* Debug */ = {
			isa = XCBuildConfiguration;
			buildSettings = {
				ASSETCATALOG_COMPILER_APPICON_NAME = AppIcon;
				ASSETCATALOG_COMPILER_GLOBAL_ACCENT_COLOR_NAME = AccentColor;
				CODE_SIGN_STYLE = Automatic;
				DEVELOPMENT_TEAM = W24E58LR98;
				INFOPLIST_FILE = kora/Info.plist;
				LD_RUNPATH_SEARCH_PATHS = (
					"$(inherited)",
					"@executable_path/Frameworks",
				);
				PRODUCT_BUNDLE_IDENTIFIER = com.jp.inc.kora.kora;
				PRODUCT_NAME = "$(TARGET_NAME)";
				SWIFT_VERSION = 5.0;
				TARGETED_DEVICE_FAMILY = "1,2";
			};
			name = Debug;
		};
		63C6387B24C6D2300043A8C9 /* Release */ = {
			isa = XCBuildConfiguration;
			buildSettings = {
				ASSETCATALOG_COMPILER_APPICON_NAME = AppIcon;
				ASSETCATALOG_COMPILER_GLOBAL_ACCENT_COLOR_NAME = AccentColor;
				CODE_SIGN_STYLE = Automatic;
				DEVELOPMENT_TEAM = W24E58LR98;
				INFOPLIST_FILE = kora/Info.plist;
				LD_RUNPATH_SEARCH_PATHS = (
					"$(inherited)",
					"@executable_path/Frameworks",
				);
				PRODUCT_BUNDLE_IDENTIFIER = com.jp.inc.kora.kora;
				PRODUCT_NAME = "$(TARGET_NAME)";
				SWIFT_VERSION = 5.0;
				TARGETED_DEVICE_FAMILY = "1,2";
			};
			name = Release;
		};
/* End XCBuildConfiguration section */

/* Begin XCConfigurationList section */
		63C6386024C6D22F0043A8C9 /* Build configuration list for PBXProject "kora" */ = {
			isa = XCConfigurationList;
			buildConfigurations = (
				63C6387724C6D2300043A8C9 /* Debug */,
				63C6387824C6D2300043A8C9 /* Release */,
			);
			defaultConfigurationIsVisible = 0;
			defaultConfigurationName = Release;
		};
		63C6387924C6D2300043A8C9 /* Build configuration list for PBXNativeTarget "kora" */ = {
			isa = XCConfigurationList;
			buildConfigurations = (
				63C6387A24C6D2300043A8C9 /* Debug */,
				63C6387B24C6D2300043A8C9 /* Release */,
			);
			defaultConfigurationIsVisible = 0;
			defaultConfigurationName = Release;
		};
/* End XCConfigurationList section */
	};
	rootObject = 63C6385D24C6D22F0043A8C9 /* Project object */;
}
